{
  "name": "demo",
  "version": "1.0.0",
  "lockfileVersion": 2,
  "requires": true,
  "packages": {
    "": {
      "name": "demo",
      "version": "1.0.0",
      "license": "ISC",
      "dependencies": {
        "@qiun/wx-ucharts": "^2.4.3-20220505"
      }
    },
    "node_modules/@qiun/wx-ucharts": {
      "version": "2.4.3-20220505",
      "resolved": "https://registry.npmmirror.com/@qiun/wx-ucharts/-/wx-ucharts-2.4.3-20220505.tgz",
      "integrity": "sha512-mM4IC993JzbZ2IYTqbRIhengve9PpQtC/uaLh6cfwFgufkFTkPHsj5jwck+iGomil6l4nOYtoDGZBXnN/YKZ7Q=="
    }
  },
  "dependencies": {
    "@qiun/wx-ucharts": {
      "version": "2.4.3-20220505",
      "resolved": "https://registry.npmmirror.com/@qiun/wx-ucharts/-/wx-ucharts-2.4.3-20220505.tgz",
      "integrity": "sha512-mM4IC993JzbZ2IYTqbRIhengve9PpQtC/uaLh6cfwFgufkFTkPHsj5jwck+iGomil6l4nOYtoDGZBXnN/YKZ7Q=="
    }
  }
}
